
Microsoft Visual Studio Solution File, Format Version 12.00
# Visual Studio Version 16
VisualStudioVersion = 16.0.30503.244
MinimumVisualStudioVersion = 10.0.40219.1
Project("{FAE04EC0-301F-11D3-BF4B-00C04F79EFBC}") = "AppConsultarEstatusRS6", "AppConsultarEstatusRS6\AppConsultarEstatusRS6\AppConsultarEstatusRS6.csproj", "{7688FCDC-550A-4355-AB0B-02DC3C8A0F64}"
EndProject
Project("{FAE04EC0-301F-11D3-BF4B-00C04F79EFBC}") = "AppConsultarEstatusRS6.Android", "AppConsultarEstatusRS6\AppConsultarEstatusRS6.Android\AppConsultarEstatusRS6.Android.csproj", "{B73788B5-39AC-4CA5-A4AE-591C0FB7318B}"
EndProject
Project("{FAE04EC0-301F-11D3-BF4B-00C04F79EFBC}") = "AppConsultarEstatusRS6.iOS", "AppConsultarEstatusRS6\AppConsultarEstatusRS6.iOS\AppConsultarEstatusRS6.iOS.csproj", "{FF6EB5D4-26C4-4147-8848-8B11127A9C8A}"
EndProject
Project("{FAE04EC0-301F-11D3-BF4B-00C04F79EFBC}") = "AppConsultarEstatusRS6.UWP", "AppConsultarEstatusRS6\AppConsultarEstatusRS6.UWP\AppConsultarEstatusRS6.UWP.csproj", "{513344E6-1C73-4789-A132-C987FAFF21FC}"
EndProject
Global
	GlobalSection(SolutionConfigurationPlatforms) = preSolution
		Ad-Hoc|Any CPU = Ad-Hoc|Any CPU
		Ad-Hoc|ARM = Ad-Hoc|ARM
		Ad-Hoc|iPhone = Ad-Hoc|iPhone
		Ad-Hoc|iPhoneSimulator = Ad-Hoc|iPhoneSimulator
		Ad-Hoc|x64 = Ad-Hoc|x64
		Ad-Hoc|x86 = Ad-Hoc|x86
		AppStore|Any CPU = AppStore|Any CPU
		AppStore|ARM = AppStore|ARM
		AppStore|iPhone = AppStore|iPhone
		AppStore|iPhoneSimulator = AppStore|iPhoneSimulator
		AppStore|x64 = AppStore|x64
		AppStore|x86 = AppStore|x86
		Debug|Any CPU = Debug|Any CPU
		Debug|ARM = Debug|ARM
		Debug|iPhone = Debug|iPhone
		Debug|iPhoneSimulator = Debug|iPhoneSimulator
		Debug|x64 = Debug|x64
		Debug|x86 = Debug|x86
		Release|Any CPU = Release|Any CPU
		Release|ARM = Release|ARM
		Release|iPhone = Release|iPhone
		Release|iPhoneSimulator = Release|iPhoneSimulator
		Release|x64 = Release|x64
		Release|x86 = Release|x86
	EndGlobalSection
	GlobalSection(ProjectConfigurationPlatforms) = postSolution
		{7688FCDC-550A-4355-AB0B-02DC3C8A0F64}.Ad-Hoc|Any CPU.ActiveCfg = Release|Any CPU
		{7688FCDC-550A-4355-AB0B-02DC3C8A0F64}.Ad-Hoc|Any CPU.Build.0 = Release|Any CPU
		{7688FCDC-550A-4355-AB0B-02DC3C8A0F64}.Ad-Hoc|ARM.ActiveCfg = Release|Any CPU
		{7688FCDC-550A-4355-AB0B-02DC3C8A0F64}.Ad-Hoc|ARM.Build.0 = Release|Any CPU
		{7688FCDC-550A-4355-AB0B-02DC3C8A0F64}.Ad-Hoc|iPhone.ActiveCfg = Release|Any CPU
		{7688FCDC-550A-4355-AB0B-02DC3C8A0F64}.Ad-Hoc|iPhone.Build.0 = Release|Any CPU
		{7688FCDC-550A-4355-AB0B-02DC3C8A0F64}.Ad-Hoc|iPhoneSimulator.ActiveCfg = Release|Any CPU
		{7688FCDC-550A-4355-AB0B-02DC3C8A0F64}.Ad-Hoc|iPhoneSimulator.Build.0 = Release|Any CPU
		{7688FCDC-550A-4355-AB0B-02DC3C8A0F64}.Ad-Hoc|x64.ActiveCfg = Release|Any CPU
		{7688FCDC-550A-4355-AB0B-02DC3C8A0F64}.Ad-Hoc|x64.Build.0 = Release|Any CPU
		{7688FCDC-550A-4355-AB0B-02DC3C8A0F64}.Ad-Hoc|x86.ActiveCfg = Release|Any CPU
		{7688FCDC-550A-4355-AB0B-02DC3C8A0F64}.Ad-Hoc|x86.Build.0 = Release|Any CPU
		{7688FCDC-550A-4355-AB0B-02DC3C8A0F64}.AppStore|Any CPU.ActiveCfg = Release|Any CPU
		{7688FCDC-550A-4355-AB0B-02DC3C8A0F64}.AppStore|Any CPU.Build.0 = Release|Any CPU
		{7688FCDC-550A-4355-AB0B-02DC3C8A0F64}.AppStore|ARM.ActiveCfg = Release|Any CPU
		{7688FCDC-550A-4355-AB0B-02DC3C8A0F64}.AppStore|ARM.Build.0 = Release|Any CPU
		{7688FCDC-550A-4355-AB0B-02DC3C8A0F64}.AppStore|iPhone.ActiveCfg = Release|Any CPU
		{7688FCDC-550A-4355-AB0B-02DC3C8A0F64}.AppStore|iPhone.Build.0 = Release|Any CPU
		{7688FCDC-550A-4355-AB0B-02DC3C8A0F64}.AppStore|iPhoneSimulator.ActiveCfg = Release|Any CPU
		{7688FCDC-550A-4355-AB0B-02DC3C8A0F64}.AppStore|iPhoneSimulator.Build.0 = Release|Any CPU
		{7688FCDC-550A-4355-AB0B-02DC3C8A0F64}.AppStore|x64.ActiveCfg = Release|Any CPU
		{7688FCDC-550A-4355-AB0B-02DC3C8A0F64}.AppStore|x64.Build.0 = Release|Any CPU
		{7688FCDC-550A-4355-AB0B-02DC3C8A0F64}.AppStore|x86.ActiveCfg = Release|Any CPU
		{7688FCDC-550A-4355-AB0B-02DC3C8A0F64}.AppStore|x86.Build.0 = Release|Any CPU
		{7688FCDC-550A-4355-AB0B-02DC3C8A0F64}.Debug|Any CPU.ActiveCfg = Debug|Any CPU
		{7688FCDC-550A-4355-AB0B-02DC3C8A0F64}.Debug|Any CPU.Build.0 = Debug|Any CPU
		{7688FCDC-550A-4355-AB0B-02DC3C8A0F64}.Debug|ARM.ActiveCfg = Debug|Any CPU
		{7688FCDC-550A-4355-AB0B-02DC3C8A0F64}.Debug|ARM.Build.0 = Debug|Any CPU
		{7688FCDC-550A-4355-AB0B-02DC3C8A0F64}.Debug|iPhone.ActiveCfg = Debug|Any CPU
		{7688FCDC-550A-4355-AB0B-02DC3C8A0F64}.Debug|iPhone.Build.0 = Debug|Any CPU
		{7688FCDC-550A-4355-AB0B-02DC3C8A0F64}.Debug|iPhoneSimulator.ActiveCfg = Debug|Any CPU
		{7688FCDC-550A-4355-AB0B-02DC3C8A0F64}.Debug|iPhoneSimulator.Build.0 = Debug|Any CPU
		{7688FCDC-550A-4355-AB0B-02DC3C8A0F64}.Debug|x64.ActiveCfg = Debug|Any CPU
		{7688FCDC-550A-4355-AB0B-02DC3C8A0F64}.Debug|x64.Build.0 = Debug|Any CPU
		{7688FCDC-550A-4355-AB0B-02DC3C8A0F64}.Debug|x86.ActiveCfg = Debug|Any CPU
		{7688FCDC-550A-4355-AB0B-02DC3C8A0F64}.Debug|x86.Build.0 = Debug|Any CPU
		{7688FCDC-550A-4355-AB0B-02DC3C8A0F64}.Release|Any CPU.ActiveCfg = Release|Any CPU
		{7688FCDC-550A-4355-AB0B-02DC3C8A0F64}.Release|Any CPU.Build.0 = Release|Any CPU
		{7688FCDC-550A-4355-AB0B-02DC3C8A0F64}.Release|ARM.ActiveCfg = Release|Any CPU
		{7688FCDC-550A-4355-AB0B-02DC3C8A0F64}.Release|ARM.Build.0 = Release|Any CPU
		{7688FCDC-550A-4355-AB0B-02DC3C8A0F64}.Release|iPhone.ActiveCfg = Release|Any CPU
		{7688FCDC-550A-4355-AB0B-02DC3C8A0F64}.Release|iPhone.Build.0 = Release|Any CPU
		{7688FCDC-550A-4355-AB0B-02DC3C8A0F64}.Release|iPhoneSimulator.ActiveCfg = Release|Any CPU
		{7688FCDC-550A-4355-AB0B-02DC3C8A0F64}.Release|iPhoneSimulator.Build.0 = Release|Any CPU
		{7688FCDC-550A-4355-AB0B-02DC3C8A0F64}.Release|x64.ActiveCfg = Release|Any CPU
		{7688FCDC-550A-4355-AB0B-02DC3C8A0F64}.Release|x64.Build.0 = Release|Any CPU
		{7688FCDC-550A-4355-AB0B-02DC3C8A0F64}.Release|x86.ActiveCfg = Release|Any CPU
		{7688FCDC-550A-4355-AB0B-02DC3C8A0F64}.Release|x86.Build.0 = Release|Any CPU
		{B73788B5-39AC-4CA5-A4AE-591C0FB7318B}.Ad-Hoc|Any CPU.ActiveCfg = Debug|Any CPU
		{B73788B5-39AC-4CA5-A4AE-591C0FB7318B}.Ad-Hoc|Any CPU.Build.0 = Debug|Any CPU
		{B73788B5-39AC-4CA5-A4AE-591C0FB7318B}.Ad-Hoc|Any CPU.Deploy.0 = Debug|Any CPU
		{B73788B5-39AC-4CA5-A4AE-591C0FB7318B}.Ad-Hoc|ARM.ActiveCfg = Debug|Any CPU
		{B73788B5-39AC-4CA5-A4AE-591C0FB7318B}.Ad-Hoc|ARM.Build.0 = Debug|Any CPU
		{B73788B5-39AC-4CA5-A4AE-591C0FB7318B}.Ad-Hoc|ARM.Deploy.0 = Debug|Any CPU
		{B73788B5-39AC-4CA5-A4AE-591C0FB7318B}.Ad-Hoc|iPhone.ActiveCfg = Debug|Any CPU
		{B73788B5-39AC-4CA5-A4AE-591C0FB7318B}.Ad-Hoc|iPhone.Build.0 = Debug|Any CPU
		{B73788B5-39AC-4CA5-A4AE-591C0FB7318B}.Ad-Hoc|iPhone.Deploy.0 = Debug|Any CPU
		{B73788B5-39AC-4CA5-A4AE-591C0FB7318B}.Ad-Hoc|iPhoneSimulator.ActiveCfg = Debug|Any CPU
		{B73788B5-39AC-4CA5-A4AE-591C0FB7318B}.Ad-Hoc|iPhoneSimulator.Build.0 = Debug|Any CPU
		{B73788B5-39AC-4CA5-A4AE-591C0FB7318B}.Ad-Hoc|iPhoneSimulator.Deploy.0 = Debug|Any CPU
		{B73788B5-39AC-4CA5-A4AE-591C0FB7318B}.Ad-Hoc|x64.ActiveCfg = Debug|Any CPU
		{B73788B5-39AC-4CA5-A4AE-591C0FB7318B}.Ad-Hoc|x64.Build.0 = Debug|Any CPU
		{B73788B5-39AC-4CA5-A4AE-591C0FB7318B}.Ad-Hoc|x64.Deploy.0 = Debug|Any CPU
		{B73788B5-39AC-4CA5-A4AE-591C0FB7318B}.Ad-Hoc|x86.ActiveCfg = Debug|Any CPU
		{B73788B5-39AC-4CA5-A4AE-591C0FB7318B}.Ad-Hoc|x86.Build.0 = Debug|Any CPU
		{B73788B5-39AC-4CA5-A4AE-591C0FB7318B}.Ad-Hoc|x86.Deploy.0 = Debug|Any CPU
		{B73788B5-39AC-4CA5-A4AE-591C0FB7318B}.AppStore|Any CPU.ActiveCfg = Debug|Any CPU
		{B73788B5-39AC-4CA5-A4AE-591C0FB7318B}.AppStore|Any CPU.Build.0 = Debug|Any CPU
		{B73788B5-39AC-4CA5-A4AE-591C0FB7318B}.AppStore|Any CPU.Deploy.0 = Debug|Any CPU
		{B73788B5-39AC-4CA5-A4AE-591C0FB7318B}.AppStore|ARM.ActiveCfg = Debug|Any CPU
		{B73788B5-39AC-4CA5-A4AE-591C0FB7318B}.AppStore|ARM.Build.0 = Debug|Any CPU
		{B73788B5-39AC-4CA5-A4AE-591C0FB7318B}.AppStore|ARM.Deploy.0 = Debug|Any CPU
		{B73788B5-39AC-4CA5-A4AE-591C0FB7318B}.AppStore|iPhone.ActiveCfg = Debug|Any CPU
		{B73788B5-39AC-4CA5-A4AE-591C0FB7318B}.AppStore|iPhone.Build.0 = Debug|Any CPU
		{B73788B5-39AC-4CA5-A4AE-591C0FB7318B}.AppStore|iPhone.Deploy.0 = Debug|Any CPU
		{B73788B5-39AC-4CA5-A4AE-591C0FB7318B}.AppStore|iPhoneSimulator.ActiveCfg = Debug|Any CPU
		{B73788B5-39AC-4CA5-A4AE-591C0FB7318B}.AppStore|iPhoneSimulator.Build.0 = Debug|Any CPU
		{B73788B5-39AC-4CA5-A4AE-591C0FB7318B}.AppStore|iPhoneSimulator.Deploy.0 = Debug|Any CPU
		{B73788B5-39AC-4CA5-A4AE-591C0FB7318B}.AppStore|x64.ActiveCfg = Debug|Any CPU
		{B73788B5-39AC-4CA5-A4AE-591C0FB7318B}.AppStore|x64.Build.0 = Debug|Any CPU
		{B73788B5-39AC-4CA5-A4AE-591C0FB7318B}.AppStore|x64.Deploy.0 = Debug|Any CPU
		{B73788B5-39AC-4CA5-A4AE-591C0FB7318B}.AppStore|x86.ActiveCfg = Debug|Any CPU
		{B73788B5-39AC-4CA5-A4AE-591C0FB7318B}.AppStore|x86.Build.0 = Debug|Any CPU
		{B73788B5-39AC-4CA5-A4AE-591C0FB7318B}.AppStore|x86.Deploy.0 = Debug|Any CPU
		{B73788B5-39AC-4CA5-A4AE-591C0FB7318B}.Debug|Any CPU.ActiveCfg = Debug|Any CPU
		{B73788B5-39AC-4CA5-A4AE-591C0FB7318B}.Debug|Any CPU.Build.0 = Debug|Any CPU
		{B73788B5-39AC-4CA5-A4AE-591C0FB7318B}.Debug|Any CPU.Deploy.0 = Debug|Any CPU
		{B73788B5-39AC-4CA5-A4AE-591C0FB7318B}.Debug|ARM.ActiveCfg = Debug|Any CPU
		{B73788B5-39AC-4CA5-A4AE-591C0FB7318B}.Debug|ARM.Build.0 = Debug|Any CPU
		{B73788B5-39AC-4CA5-A4AE-591C0FB7318B}.Debug|ARM.Deploy.0 = Debug|Any CPU
		{B73788B5-39AC-4CA5-A4AE-591C0FB7318B}.Debug|iPhone.ActiveCfg = Debug|Any CPU
		{B73788B5-39AC-4CA5-A4AE-591C0FB7318B}.Debug|iPhone.Build.0 = Debug|Any CPU
		{B73788B5-39AC-4CA5-A4AE-591C0FB7318B}.Debug|iPhone.Deploy.0 = Debug|Any CPU
		{B73788B5-39AC-4CA5-A4AE-591C0FB7318B}.Debug|iPhoneSimulator.ActiveCfg = Debug|Any CPU
		{B73788B5-39AC-4CA5-A4AE-591C0FB7318B}.Debug|iPhoneSimulator.Build.0 = Debug|Any CPU
		{B73788B5-39AC-4CA5-A4AE-591C0FB7318B}.Debug|iPhoneSimulator.Deploy.0 = Debug|Any CPU
		{B73788B5-39AC-4CA5-A4AE-591C0FB7318B}.Debug|x64.ActiveCfg = Debug|Any CPU
		{B73788B5-39AC-4CA5-A4AE-591C0FB7318B}.Debug|x64.Build.0 = Debug|Any CPU
		{B73788B5-39AC-4CA5-A4AE-591C0FB7318B}.Debug|x64.Deploy.0 = Debug|Any CPU
		{B73788B5-39AC-4CA5-A4AE-591C0FB7318B}.Debug|x86.ActiveCfg = Debug|Any CPU
		{B73788B5-39AC-4CA5-A4AE-591C0FB7318B}.Debug|x86.Build.0 = Debug|Any CPU
		{B73788B5-39AC-4CA5-A4AE-591C0FB7318B}.Debug|x86.Deploy.0 = Debug|Any CPU
		{B73788B5-39AC-4CA5-A4AE-591C0FB7318B}.Release|Any CPU.ActiveCfg = Release|Any CPU
		{B73788B5-39AC-4CA5-A4AE-591C0FB7318B}.Release|Any CPU.Build.0 = Release|Any CPU
		{B73788B5-39AC-4CA5-A4AE-591C0FB7318B}.Release|Any CPU.Deploy.0 = Release|Any CPU
		{B73788B5-39AC-4CA5-A4AE-591C0FB7318B}.Release|ARM.ActiveCfg = Release|Any CPU
		{B73788B5-39AC-4CA5-A4AE-591C0FB7318B}.Release|ARM.Build.0 = Release|Any CPU
		{B73788B5-39AC-4CA5-A4AE-591C0FB7318B}.Release|ARM.Deploy.0 = Release|Any CPU
		{B73788B5-39AC-4CA5-A4AE-591C0FB7318B}.Release|iPhone.ActiveCfg = Release|Any CPU
		{B73788B5-39AC-4CA5-A4AE-591C0FB7318B}.Release|iPhone.Build.0 = Release|Any CPU
		{B73788B5-39AC-4CA5-A4AE-591C0FB7318B}.Release|iPhone.Deploy.0 = Release|Any CPU
		{B73788B5-39AC-4CA5-A4AE-591C0FB7318B}.Release|iPhoneSimulator.ActiveCfg = Release|Any CPU
		{B73788B5-39AC-4CA5-A4AE-591C0FB7318B}.Release|iPhoneSimulator.Build.0 = Release|Any CPU
		{B73788B5-39AC-4CA5-A4AE-591C0FB7318B}.Release|iPhoneSimulator.Deploy.0 = Release|Any CPU
		{B73788B5-39AC-4CA5-A4AE-591C0FB7318B}.Release|x64.ActiveCfg = Release|Any CPU
		{B73788B5-39AC-4CA5-A4AE-591C0FB7318B}.Release|x64.Build.0 = Release|Any CPU
		{B73788B5-39AC-4CA5-A4AE-591C0FB7318B}.Release|x64.Deploy.0 = Release|Any CPU
		{B73788B5-39AC-4CA5-A4AE-591C0FB7318B}.Release|x86.ActiveCfg = Release|Any CPU
		{B73788B5-39AC-4CA5-A4AE-591C0FB7318B}.Release|x86.Build.0 = Release|Any CPU
		{B73788B5-39AC-4CA5-A4AE-591C0FB7318B}.Release|x86.Deploy.0 = Release|Any CPU
		{FF6EB5D4-26C4-4147-8848-8B11127A9C8A}.Ad-Hoc|Any CPU.ActiveCfg = Ad-Hoc|iPhoneSimulator
		{FF6EB5D4-26C4-4147-8848-8B11127A9C8A}.Ad-Hoc|ARM.ActiveCfg = Ad-Hoc|iPhoneSimulator
		{FF6EB5D4-26C4-4147-8848-8B11127A9C8A}.Ad-Hoc|iPhone.ActiveCfg = Ad-Hoc|iPhone
		{FF6EB5D4-26C4-4147-8848-8B11127A9C8A}.Ad-Hoc|iPhone.Build.0 = Ad-Hoc|iPhone
		{FF6EB5D4-26C4-4147-8848-8B11127A9C8A}.Ad-Hoc|iPhoneSimulator.ActiveCfg = Ad-Hoc|iPhoneSimulator
		{FF6EB5D4-26C4-4147-8848-8B11127A9C8A}.Ad-Hoc|iPhoneSimulator.Build.0 = Ad-Hoc|iPhoneSimulator
		{FF6EB5D4-26C4-4147-8848-8B11127A9C8A}.Ad-Hoc|x64.ActiveCfg = Ad-Hoc|iPhoneSimulator
		{FF6EB5D4-26C4-4147-8848-8B11127A9C8A}.Ad-Hoc|x86.ActiveCfg = Ad-Hoc|iPhoneSimulator
		{FF6EB5D4-26C4-4147-8848-8B11127A9C8A}.AppStore|Any CPU.ActiveCfg = AppStore|iPhoneSimulator
		{FF6EB5D4-26C4-4147-8848-8B11127A9C8A}.AppStore|ARM.ActiveCfg = AppStore|iPhoneSimulator
		{FF6EB5D4-26C4-4147-8848-8B11127A9C8A}.AppStore|iPhone.ActiveCfg = AppStore|iPhone
		{FF6EB5D4-26C4-4147-8848-8B11127A9C8A}.AppStore|iPhone.Build.0 = AppStore|iPhone
		{FF6EB5D4-26C4-4147-8848-8B11127A9C8A}.AppStore|iPhoneSimulator.ActiveCfg = AppStore|iPhoneSimulator
		{FF6EB5D4-26C4-4147-8848-8B11127A9C8A}.AppStore|iPhoneSimulator.Build.0 = AppStore|iPhoneSimulator
		{FF6EB5D4-26C4-4147-8848-8B11127A9C8A}.AppStore|x64.ActiveCfg = AppStore|iPhoneSimulator
		{FF6EB5D4-26C4-4147-8848-8B11127A9C8A}.AppStore|x86.ActiveCfg = AppStore|iPhoneSimulator
		{FF6EB5D4-26C4-4147-8848-8B11127A9C8A}.Debug|Any CPU.ActiveCfg = Debug|iPhoneSimulator
		{FF6EB5D4-26C4-4147-8848-8B11127A9C8A}.Debug|ARM.ActiveCfg = Debug|iPhoneSimulator
		{FF6EB5D4-26C4-4147-8848-8B11127A9C8A}.Debug|iPhone.ActiveCfg = Debug|iPhone
		{FF6EB5D4-26C4-4147-8848-8B11127A9C8A}.Debug|iPhone.Build.0 = Debug|iPhone
		{FF6EB5D4-26C4-4147-8848-8B11127A9C8A}.Debug|iPhoneSimulator.ActiveCfg = Debug|iPhoneSimulator
		{FF6EB5D4-26C4-4147-8848-8B11127A9C8A}.Debug|iPhoneSimulator.Build.0 = Debug|iPhoneSimulator
		{FF6EB5D4-26C4-4147-8848-8B11127A9C8A}.Debug|x64.ActiveCfg = Debug|iPhoneSimulator
		{FF6EB5D4-26C4-4147-8848-8B11127A9C8A}.Debug|x86.ActiveCfg = Debug|iPhoneSimulator
		{FF6EB5D4-26C4-4147-8848-8B11127A9C8A}.Release|Any CPU.ActiveCfg = Release|iPhoneSimulator
		{FF6EB5D4-26C4-4147-8848-8B11127A9C8A}.Release|ARM.ActiveCfg = Release|iPhoneSimulator
		{FF6EB5D4-26C4-4147-8848-8B11127A9C8A}.Release|iPhone.ActiveCfg = Release|iPhone
		{FF6EB5D4-26C4-4147-8848-8B11127A9C8A}.Release|iPhone.Build.0 = Release|iPhone
		{FF6EB5D4-26C4-4147-8848-8B11127A9C8A}.Release|iPhoneSimulator.ActiveCfg = Release|iPhoneSimulator
		{FF6EB5D4-26C4-4147-8848-8B11127A9C8A}.Release|iPhoneSimulator.Build.0 = Release|iPhoneSimulator
		{FF6EB5D4-26C4-4147-8848-8B11127A9C8A}.Release|x64.ActiveCfg = Release|iPhoneSimulator
		{FF6EB5D4-26C4-4147-8848-8B11127A9C8A}.Release|x86.ActiveCfg = Release|iPhoneSimulator
		{513344E6-1C73-4789-A132-C987FAFF21FC}.Ad-Hoc|Any CPU.ActiveCfg = Debug|ARM
		{513344E6-1C73-4789-A132-C987FAFF21FC}.Ad-Hoc|Any CPU.Build.0 = Debug|ARM
		{513344E6-1C73-4789-A132-C987FAFF21FC}.Ad-Hoc|Any CPU.Deploy.0 = Debug|ARM
		{513344E6-1C73-4789-A132-C987FAFF21FC}.Ad-Hoc|ARM.ActiveCfg = Debug|ARM
		{513344E6-1C73-4789-A132-C987FAFF21FC}.Ad-Hoc|ARM.Build.0 = Debug|ARM
		{513344E6-1C73-4789-A132-C987FAFF21FC}.Ad-Hoc|ARM.Deploy.0 = Debug|ARM
		{513344E6-1C73-4789-A132-C987FAFF21FC}.Ad-Hoc|iPhone.ActiveCfg = Debug|ARM
		{513344E6-1C73-4789-A132-C987FAFF21FC}.Ad-Hoc|iPhone.Build.0 = Debug|ARM
		{513344E6-1C73-4789-A132-C987FAFF21FC}.Ad-Hoc|iPhone.Deploy.0 = Debug|ARM
		{513344E6-1C73-4789-A132-C987FAFF21FC}.Ad-Hoc|iPhoneSimulator.ActiveCfg = Debug|ARM
		{513344E6-1C73-4789-A132-C987FAFF21FC}.Ad-Hoc|iPhoneSimulator.Build.0 = Debug|ARM
		{513344E6-1C73-4789-A132-C987FAFF21FC}.Ad-Hoc|iPhoneSimulator.Deploy.0 = Debug|ARM
		{513344E6-1C73-4789-A132-C987FAFF21FC}.Ad-Hoc|x64.ActiveCfg = Debug|x64
		{513344E6-1C73-4789-A132-C987FAFF21FC}.Ad-Hoc|x64.Build.0 = Debug|x64
		{513344E6-1C73-4789-A132-C987FAFF21FC}.Ad-Hoc|x64.Deploy.0 = Debug|x64
		{513344E6-1C73-4789-A132-C987FAFF21FC}.Ad-Hoc|x86.ActiveCfg = Debug|x86
		{513344E6-1C73-4789-A132-C987FAFF21FC}.Ad-Hoc|x86.Build.0 = Debug|x86
		{513344E6-1C73-4789-A132-C987FAFF21FC}.Ad-Hoc|x86.Deploy.0 = Debug|x86
		{513344E6-1C73-4789-A132-C987FAFF21FC}.AppStore|Any CPU.ActiveCfg = Debug|ARM
		{513344E6-1C73-4789-A132-C987FAFF21FC}.AppStore|Any CPU.Build.0 = Debug|ARM
		{513344E6-1C73-4789-A132-C987FAFF21FC}.AppStore|Any CPU.Deploy.0 = Debug|ARM
		{513344E6-1C73-4789-A132-C987FAFF21FC}.AppStore|ARM.ActiveCfg = Debug|ARM
		{513344E6-1C73-4789-A132-C987FAFF21FC}.AppStore|ARM.Build.0 = Debug|ARM
		{513344E6-1C73-4789-A132-C987FAFF21FC}.AppStore|ARM.Deploy.0 = Debug|ARM
		{513344E6-1C73-4789-A132-C987FAFF21FC}.AppStore|iPhone.ActiveCfg = Debug|ARM
		{513344E6-1C73-4789-A132-C987FAFF21FC}.AppStore|iPhone.Build.0 = Debug|ARM
		{513344E6-1C73-4789-A132-C987FAFF21FC}.AppStore|iPhone.Deploy.0 = Debug|ARM
		{513344E6-1C73-4789-A132-C987FAFF21FC}.AppStore|iPhoneSimulator.ActiveCfg = Debug|ARM
		{513344E6-1C73-4789-A132-C987FAFF21FC}.AppStore|iPhoneSimulator.Build.0 = Debug|ARM
		{513344E6-1C73-4789-A132-C987FAFF21FC}.AppStore|iPhoneSimulator.Deploy.0 = Debug|ARM
		{513344E6-1C73-4789-A132-C987FAFF21FC}.AppStore|x64.ActiveCfg = Debug|x64
		{513344E6-1C73-4789-A132-C987FAFF21FC}.AppStore|x64.Build.0 = Debug|x64
		{513344E6-1C73-4789-A132-C987FAFF21FC}.AppStore|x64.Deploy.0 = Debug|x64
		{513344E6-1C73-4789-A132-C987FAFF21FC}.AppStore|x86.ActiveCfg = Debug|x86
		{513344E6-1C73-4789-A132-C987FAFF21FC}.AppStore|x86.Build.0 = Debug|x86
		{513344E6-1C73-4789-A132-C987FAFF21FC}.AppStore|x86.Deploy.0 = Debug|x86
		{513344E6-1C73-4789-A132-C987FAFF21FC}.Debug|Any CPU.ActiveCfg = Debug|x86
		{513344E6-1C73-4789-A132-C987FAFF21FC}.Debug|ARM.ActiveCfg = Debug|ARM
		{513344E6-1C73-4789-A132-C987FAFF21FC}.Debug|ARM.Build.0 = Debug|ARM
		{513344E6-1C73-4789-A132-C987FAFF21FC}.Debug|ARM.Deploy.0 = Debug|ARM
		{513344E6-1C73-4789-A132-C987FAFF21FC}.Debug|iPhone.ActiveCfg = Debug|x86
		{513344E6-1C73-4789-A132-C987FAFF21FC}.Debug|iPhoneSimulator.ActiveCfg = Debug|x86
		{513344E6-1C73-4789-A132-C987FAFF21FC}.Debug|x64.ActiveCfg = Debug|x64
		{513344E6-1C73-4789-A132-C987FAFF21FC}.Debug|x64.Build.0 = Debug|x64
		{513344E6-1C73-4789-A132-C987FAFF21FC}.Debug|x64.Deploy.0 = Debug|x64
		{513344E6-1C73-4789-A132-C987FAFF21FC}.Debug|x86.ActiveCfg = Debug|x86
		{513344E6-1C73-4789-A132-C987FAFF21FC}.Debug|x86.Build.0 = Debug|x86
		{513344E6-1C73-4789-A132-C987FAFF21FC}.Debug|x86.Deploy.0 = Debug|x86
		{513344E6-1C73-4789-A132-C987FAFF21FC}.Release|Any CPU.ActiveCfg = Release|x86
		{513344E6-1C73-4789-A132-C987FAFF21FC}.Release|ARM.ActiveCfg = Release|ARM
		{513344E6-1C73-4789-A132-C987FAFF21FC}.Release|ARM.Build.0 = Release|ARM
		{513344E6-1C73-4789-A132-C987FAFF21FC}.Release|ARM.Deploy.0 = Release|ARM
		{513344E6-1C73-4789-A132-C987FAFF21FC}.Release|iPhone.ActiveCfg = Release|x86
		{513344E6-1C73-4789-A132-C987FAFF21FC}.Release|iPhoneSimulator.ActiveCfg = Release|x86
		{513344E6-1C73-4789-A132-C987FAFF21FC}.Release|x64.ActiveCfg = Release|x64
		{513344E6-1C73-4789-A132-C987FAFF21FC}.Release|x64.Build.0 = Release|x64
		{513344E6-1C73-4789-A132-C987FAFF21FC}.Release|x64.Deploy.0 = Release|x64
		{513344E6-1C73-4789-A132-C987FAFF21FC}.Release|x86.ActiveCfg = Release|x86
		{513344E6-1C73-4789-A132-C987FAFF21FC}.Release|x86.Build.0 = Release|x86
		{513344E6-1C73-4789-A132-C987FAFF21FC}.Release|x86.Deploy.0 = Release|x86
	EndGlobalSection
	GlobalSection(SolutionProperties) = preSolution
		HideSolutionNode = FALSE
	EndGlobalSection
	GlobalSection(ExtensibilityGlobals) = postSolution
		SolutionGuid = {B65A73CA-6DDA-4B6B-A702-9CC771A59BDF}
	EndGlobalSection
EndGlobal
